
Microsoft Visual Studio Solution File, Format Version 12.00
Project("{FAE04EC0-301F-11D3-BF4B-00C04F79EFBC}") = "GrpcServer", "GrpcServer\GrpcServer.csproj", "{3A420B2A-3656-45C8-B5D8-7ED1A7B9867E}"
EndProject
Project("{FAE04EC0-301F-11D3-BF4B-00C04F79EFBC}") = "GrpcClient", "GrpcClient\GrpcClient.csproj", "{8B33E4DF-5363-4445-A575-FB51A51C4ED6}"
EndProject
Global
	GlobalSection(SolutionConfigurationPlatforms) = preSolution
		Debug|Any CPU = Debug|Any CPU
		Release|Any CPU = Release|Any CPU
	EndGlobalSection
	GlobalSection(ProjectConfigurationPlatforms) = postSolution
		{3A420B2A-3656-45C8-B5D8-7ED1A7B9867E}.Debug|Any CPU.ActiveCfg = Debug|Any CPU
		{3A420B2A-3656-45C8-B5D8-7ED1A7B9867E}.Debug|Any CPU.Build.0 = Debug|Any CPU
		{3A420B2A-3656-45C8-B5D8-7ED1A7B9867E}.Release|Any CPU.ActiveCfg = Release|Any CPU
		{3A420B2A-3656-45C8-B5D8-7ED1A7B9867E}.Release|Any CPU.Build.0 = Release|Any CPU
		{8B33E4DF-5363-4445-A575-FB51A51C4ED6}.Debug|Any CPU.ActiveCfg = Debug|Any CPU
		{8B33E4DF-5363-4445-A575-FB51A51C4ED6}.Debug|Any CPU.Build.0 = Debug|Any CPU
		{8B33E4DF-5363-4445-A575-FB51A51C4ED6}.Release|Any CPU.ActiveCfg = Release|Any CPU
		{8B33E4DF-5363-4445-A575-FB51A51C4ED6}.Release|Any CPU.Build.0 = Release|Any CPU
	EndGlobalSection
EndGlobal
